
Microsoft Visual Studio Solution File, Format Version 12.00
# Visual Studio 14
VisualStudioVersion = 14.0.25123.0
MinimumVisualStudioVersion = 10.0.40219.1
Project("{FAE04EC0-301F-11D3-BF4B-00C04F79EFBC}") = "MTC2016", "MTC2016.csproj", "{AE4E3778-1AB5-4E79-8268-E1C0E7996554}"
EndProject
Project("{FAE04EC0-301F-11D3-BF4B-00C04F79EFBC}") = "MTC2016.Tests", "..\MTC2016.Tests\MTC2016.Tests.csproj", "{4E6F0D44-B56E-49B9-9C8E-BAFB83164F04}"
EndProject
Project("{FAE04EC0-301F-11D3-BF4B-00C04F79EFBC}") = "Takenet.MessagingHub.Client.NUnitTester", "..\Takenet.MessagingHub.Client.NUnitTester\Takenet.MessagingHub.Client.NUnitTester.csproj", "{F62D83C4-B65A-4961-8054-342A1F1DB9C2}"
EndProject
Global
	GlobalSection(SolutionConfigurationPlatforms) = preSolution
		Debug|Any CPU = Debug|Any CPU
		Release|Any CPU = Release|Any CPU
	EndGlobalSection
	GlobalSection(ProjectConfigurationPlatforms) = postSolution
		{AE4E3778-1AB5-4E79-8268-E1C0E7996554}.Debug|Any CPU.ActiveCfg = Debug|Any CPU
		{AE4E3778-1AB5-4E79-8268-E1C0E7996554}.Debug|Any CPU.Build.0 = Debug|Any CPU
		{AE4E3778-1AB5-4E79-8268-E1C0E7996554}.Release|Any CPU.ActiveCfg = Release|Any CPU
		{AE4E3778-1AB5-4E79-8268-E1C0E7996554}.Release|Any CPU.Build.0 = Release|Any CPU
		{4E6F0D44-B56E-49B9-9C8E-BAFB83164F04}.Debug|Any CPU.ActiveCfg = Debug|Any CPU
		{4E6F0D44-B56E-49B9-9C8E-BAFB83164F04}.Debug|Any CPU.Build.0 = Debug|Any CPU
		{4E6F0D44-B56E-49B9-9C8E-BAFB83164F04}.Release|Any CPU.ActiveCfg = Release|Any CPU
		{4E6F0D44-B56E-49B9-9C8E-BAFB83164F04}.Release|Any CPU.Build.0 = Release|Any CPU
		{F62D83C4-B65A-4961-8054-342A1F1DB9C2}.Debug|Any CPU.ActiveCfg = Debug|Any CPU
		{F62D83C4-B65A-4961-8054-342A1F1DB9C2}.Debug|Any CPU.Build.0 = Debug|Any CPU
		{F62D83C4-B65A-4961-8054-342A1F1DB9C2}.Release|Any CPU.ActiveCfg = Release|Any CPU
		{F62D83C4-B65A-4961-8054-342A1F1DB9C2}.Release|Any CPU.Build.0 = Release|Any CPU
	EndGlobalSection
	GlobalSection(SolutionProperties) = preSolution
		HideSolutionNode = FALSE
	EndGlobalSection
EndGlobal
